{
  "name": "system-capabilities-example",
  "version": "1.0.0",
  "lockfileVersion": 3,
  "requires": true,
  "packages": {
    "": {
      "name": "system-capabilities-example",
      "version": "1.0.0",
      "dependencies": {
        "system-capabilities": "file:.."
      }
    },
    "..": {
      "version": "1.0.0",
      "license": "MIT",
      "dependencies": {
        "js-yaml": "^4.1.0"
      },
      "devDependencies": {
        "@rollup/plugin-commonjs": "^25.0.7",
        "@rollup/plugin-node-resolve": "^15.2.3",
        "rollup": "^4.9.6"
      }
    },
    "node_modules/system-capabilities": {
      "resolved": "..",
      "link": true
    }
  }
}
